{
    "_readme": [
        "This file locks the dependencies of your project to a known state",
        "Read more about it at https://getcomposer.org/doc/01-basic-usage.md#installing-dependencies",
        "This file is @generated automatically"
    ],
    "content-hash": "ee888614b77bc63acb58825637633566",
    "packages": [
        {
            "name": "elasticsearch/elasticsearch",
            "version": "v6.1.0",
            "source": {
                "type": "git",
                "url": "https://github.com/elastic/elasticsearch-php.git",
                "reference": "b237a37b2cdf23a5a17fd3576cdea771394ad00d"
            },
            "dist": {
                "type": "zip",
                "url": "https://api.github.com/repos/elastic/elasticsearch-php/zipball/b237a37b2cdf23a5a17fd3576cdea771394ad00d",
                "reference": "b237a37b2cdf23a5a17fd3576cdea771394ad00d",
                "shasum": ""
            },
            "require": {
                "ext-json": ">=1.3.7",
                "guzzlehttp/ringphp": "~1.0",
                "php": "^7.0",
                "psr/log": "~1.0"
            },
            "require-dev": {
                "cpliakas/git-wrapper": "~1.0",
                "doctrine/inflector": "^1.1",
                "mockery/mockery": "0.9.4",
                "phpstan/phpstan-shim": "0.8.3",
                "phpunit/phpunit": "6.3.0",
                "squizlabs/php_codesniffer": "3.0.2",
                "symfony/finder": "^2.8",
                "symfony/yaml": "^2.8"
            },
            "suggest": {
                "ext-curl": "*",
                "monolog/monolog": "Allows for client-level logging and tracing"
            },
            "type": "library",
            "autoload": {
                "psr-4": {
                    "Elasticsearch\\": "src/Elasticsearch/"
                }
            },
            "notification-url": "https://packagist.org/downloads/",
            "license": [
                "Apache-2.0"
            ],
            "authors": [
                {
                    "name": "Zachary Tong"
                }
            ],
            "description": "PHP Client for Elasticsearch",
            "keywords": [
                "client",
                "elasticsearch",
                "search"
            ],
            "time": "2019-01-08T18:53:46+00:00"
        },
        {
            "name": "guzzle/guzzle",
            "version": "v3.9.3",
            "source": {
                "type": "git",
                "url": "https://github.com/guzzle/guzzle3.git",
                "reference": "0645b70d953bc1c067bbc8d5bc53194706b628d9"
            },
            "dist": {
                "type": "zip",
                "url": "https://api.github.com/repos/guzzle/guzzle3/zipball/0645b70d953bc1c067bbc8d5bc53194706b628d9",
                "reference": "0645b70d953bc1c067bbc8d5bc53194706b628d9",
                "shasum": ""
            },
            "require": {
                "ext-curl": "*",
                "php": ">=5.3.3",
                "symfony/event-dispatcher": "~2.1"
            },
            "replace": {
                "guzzle/batch": "self.version",
                "guzzle/cache": "self.version",
                "guzzle/common": "self.version",
                "guzzle/http": "self.version",
                "guzzle/inflection": "self.version",
                "guzzle/iterator": "self.version",
                "guzzle/log": "self.version",
                "guzzle/parser": "self.version",
                "guzzle/plugin": "self.version",
                "guzzle/plugin-async": "self.version",
                "guzzle/plugin-backoff": "self.version",
                "guzzle/plugin-cache": "self.version",
                "guzzle/plugin-cookie": "self.version",
                "guzzle/plugin-curlauth": "self.version",
                "guzzle/plugin-error-response": "self.version",
                "guzzle/plugin-history": "self.version",
                "guzzle/plugin-log": "self.version",
                "guzzle/plugin-md5": "self.version",
                "guzzle/plugin-mock": "self.version",
                "guzzle/plugin-oauth": "self.version",
                "guzzle/service": "self.version",
                "guzzle/stream": "self.version"
            },
            "require-dev": {
                "doctrine/cache": "~1.3",
                "monolog/monolog": "~1.0",
                "phpunit/phpunit": "3.7.*",
                "psr/log": "~1.0",
                "symfony/class-loader": "~2.1",
                "zendframework/zend-cache": "2.*,<2.3",
                "zendframework/zend-log": "2.*,<2.3"
            },
            "suggest": {
                "guzzlehttp/guzzle": "Guzzle 5 has moved to a new package name. The package you have installed, Guzzle 3, is deprecated."
            },
            "type": "library",
            "extra": {
                "branch-alias": {
                    "dev-master": "3.9-dev"
                }
            },
            "autoload": {
                "psr-0": {
                    "Guzzle": "src/",
                    "Guzzle\\Tests": "tests/"
                }
            },
            "notification-url": "https://packagist.org/downloads/",
            "license": [
                "MIT"
            ],
            "authors": [
                {
                    "name": "Michael Dowling",
                    "email": "mtdowling@gmail.com",
                    "homepage": "https://github.com/mtdowling"
                },
                {
                    "name": "Guzzle Community",
                    "homepage": "https://github.com/guzzle/guzzle/contributors"
                }
            ],
            "description": "PHP HTTP client. This library is deprecated in favor of https://packagist.org/packages/guzzlehttp/guzzle",
            "homepage": "http://guzzlephp.org/",
            "keywords": [
                "client",
                "curl",
                "framework",
                "http",
                "http client",
                "rest",
                "web service"
            ],
            "abandoned": "guzzlehttp/guzzle",
            "time": "2015-03-18T18:23:50+00:00"
        },
        {
            "name": "guzzlehttp/ringphp",
            "version": "1.1.1",
            "source": {
                "type": "git",
                "url": "https://github.com/guzzle/RingPHP.git",
                "reference": "5e2a174052995663dd68e6b5ad838afd47dd615b"
            },
            "dist": {
                "type": "zip",
                "url": "https://api.github.com/repos/guzzle/RingPHP/zipball/5e2a174052995663dd68e6b5ad838afd47dd615b",
                "reference": "5e2a174052995663dd68e6b5ad838afd47dd615b",
                "shasum": ""
            },
            "require": {
                "guzzlehttp/streams": "~3.0",
                "php": ">=5.4.0",
                "react/promise": "~2.0"
            },
            "require-dev": {
                "ext-curl": "*",
                "phpunit/phpunit": "~4.0"
            },
            "suggest": {
                "ext-curl": "Guzzle will use specific adapters if cURL is present"
            },
            "type": "library",
            "extra": {
                "branch-alias": {
                    "dev-master": "1.1-dev"
                }
            },
            "autoload": {
                "psr-4": {
                    "GuzzleHttp\\Ring\\": "src/"
                }
            },
            "notification-url": "https://packagist.org/downloads/",
            "license": [
                "MIT"
            ],
            "authors": [
                {
                    "name": "Michael Dowling",
                    "email": "mtdowling@gmail.com",
                    "homepage": "https://github.com/mtdowling"
                }
            ],
            "description": "Provides a simple API and specification that abstracts away the details of HTTP into a single PHP function.",
            "time": "2018-07-31T13:22:33+00:00"
        },
        {
            "name": "guzzlehttp/streams",
            "version": "3.0.0",
            "source": {
                "type": "git",
                "url": "https://github.com/guzzle/streams.git",
                "reference": "47aaa48e27dae43d39fc1cea0ccf0d84ac1a2ba5"
            },
            "dist": {
                "type": "zip",
                "url": "https://api.github.com/repos/guzzle/streams/zipball/47aaa48e27dae43d39fc1cea0ccf0d84ac1a2ba5",
                "reference": "47aaa48e27dae43d39fc1cea0ccf0d84ac1a2ba5",
                "shasum": ""
            },
            "require": {
                "php": ">=5.4.0"
            },
            "require-dev": {
                "phpunit/phpunit": "~4.0"
            },
            "type": "library",
            "extra": {
                "branch-alias": {
                    "dev-master": "3.0-dev"
                }
            },
            "autoload": {
                "psr-4": {
                    "GuzzleHttp\\Stream\\": "src/"
                }
            },
            "notification-url": "https://packagist.org/downloads/",
            "license": [
                "MIT"
            ],
            "authors": [
                {
                    "name": "Michael Dowling",
                    "email": "mtdowling@gmail.com",
                    "homepage": "https://github.com/mtdowling"
                }
            ],
            "description": "Provides a simple abstraction over streams of data",
            "homepage": "http://guzzlephp.org/",
            "keywords": [
                "Guzzle",
                "stream"
            ],
            "time": "2014-10-12T19:18:40+00:00"
        },
        {
            "name": "psr/log",
            "version": "1.1.0",
            "source": {
                "type": "git",
                "url": "https://github.com/php-fig/log.git",
                "reference": "6c001f1daafa3a3ac1d8ff69ee4db8e799a654dd"
            },
            "dist": {
                "type": "zip",
                "url": "https://api.github.com/repos/php-fig/log/zipball/6c001f1daafa3a3ac1d8ff69ee4db8e799a654dd",
                "reference": "6c001f1daafa3a3ac1d8ff69ee4db8e799a654dd",
                "shasum": ""
            },
            "require": {
                "php": ">=5.3.0"
            },
            "type": "library",
            "extra": {
                "branch-alias": {
                    "dev-master": "1.0.x-dev"
                }
            },
            "autoload": {
                "psr-4": {
                    "Psr\\Log\\": "Psr/Log/"
                }
            },
            "notification-url": "https://packagist.org/downloads/",
            "license": [
                "MIT"
            ],
            "authors": [
                {
                    "name": "PHP-FIG",
                    "homepage": "http://www.php-fig.org/"
                }
            ],
            "description": "Common interface for logging libraries",
            "homepage": "https://github.com/php-fig/log",
            "keywords": [
                "log",
                "psr",
                "psr-3"
            ],
            "time": "2018-11-20T15:27:04+00:00"
        },
        {
            "name": "qcloud/cos-sdk-v5",
            "version": "v1.3.1",
            "source": {
                "type": "git",
                "url": "https://github.com/tencentyun/cos-php-sdk-v5.git",
                "reference": "ca816d61a5412dd7a248119992b7d32687b10f86"
            },
            "dist": {
                "type": "zip",
                "url": "https://api.github.com/repos/tencentyun/cos-php-sdk-v5/zipball/ca816d61a5412dd7a248119992b7d32687b10f86",
                "reference": "ca816d61a5412dd7a248119992b7d32687b10f86",
                "shasum": ""
            },
            "require": {
                "guzzle/guzzle": "~3.7",
                "php": ">=5.3.0"
            },
            "type": "library",
            "autoload": {
                "psr-0": {
                    "Qcloud\\Cos\\": "src/"
                }
            },
            "notification-url": "https://packagist.org/downloads/",
            "license": [
                "MIT"
            ],
            "authors": [
                {
                    "name": "yaozongyou",
                    "email": "yaozongyou@vip.qq.com"
                },
                {
                    "name": "lewzylu",
                    "email": "327874225@qq.com"
                }
            ],
            "description": "PHP SDK for QCloud COS",
            "keywords": [
                "cos",
                "php",
                "qcloud"
            ],
            "time": "2019-01-28T12:46:20+00:00"
        },
        {
            "name": "react/promise",
            "version": "v2.7.1",
            "source": {
                "type": "git",
                "url": "https://github.com/reactphp/promise.git",
                "reference": "31ffa96f8d2ed0341a57848cbb84d88b89dd664d"
            },
            "dist": {
                "type": "zip",
                "url": "https://api.github.com/repos/reactphp/promise/zipball/31ffa96f8d2ed0341a57848cbb84d88b89dd664d",
                "reference": "31ffa96f8d2ed0341a57848cbb84d88b89dd664d",
                "shasum": ""
            },
            "require": {
                "php": ">=5.4.0"
            },
            "require-dev": {
                "phpunit/phpunit": "~4.8"
            },
            "type": "library",
            "autoload": {
                "psr-4": {
                    "React\\Promise\\": "src/"
                },
                "files": [
                    "src/functions_include.php"
                ]
            },
            "notification-url": "https://packagist.org/downloads/",
            "license": [
                "MIT"
            ],
            "authors": [
                {
                    "name": "Jan Sorgalla",
                    "email": "jsorgalla@gmail.com"
                }
            ],
            "description": "A lightweight implementation of CommonJS Promises/A for PHP",
            "keywords": [
                "promise",
                "promises"
            ],
            "time": "2019-01-07T21:25:54+00:00"
        },
        {
            "name": "symfony/event-dispatcher",
            "version": "v2.8.49",
            "source": {
                "type": "git",
                "url": "https://github.com/symfony/event-dispatcher.git",
                "reference": "a77e974a5fecb4398833b0709210e3d5e334ffb0"
            },
            "dist": {
                "type": "zip",
                "url": "https://api.github.com/repos/symfony/event-dispatcher/zipball/a77e974a5fecb4398833b0709210e3d5e334ffb0",
                "reference": "a77e974a5fecb4398833b0709210e3d5e334ffb0",
                "shasum": ""
            },
            "require": {
                "php": ">=5.3.9"
            },
            "require-dev": {
                "psr/log": "~1.0",
                "symfony/config": "^2.0.5|~3.0.0",
                "symfony/dependency-injection": "~2.6|~3.0.0",
                "symfony/expression-language": "~2.6|~3.0.0",
                "symfony/stopwatch": "~2.3|~3.0.0"
            },
            "suggest": {
                "symfony/dependency-injection": "",
                "symfony/http-kernel": ""
            },
            "type": "library",
            "extra": {
                "branch-alias": {
                    "dev-master": "2.8-dev"
                }
            },
            "autoload": {
                "psr-4": {
                    "Symfony\\Component\\EventDispatcher\\": ""
                },
                "exclude-from-classmap": [
                    "/Tests/"
                ]
            },
            "notification-url": "https://packagist.org/downloads/",
            "license": [
                "MIT"
            ],
            "authors": [
                {
                    "name": "Fabien Potencier",
                    "email": "fabien@symfony.com"
                },
                {
                    "name": "Symfony Community",
                    "homepage": "https://symfony.com/contributors"
                }
            ],
            "description": "Symfony EventDispatcher Component",
            "homepage": "https://symfony.com",
            "time": "2018-11-21T14:20:20+00:00"
        },
        {
            "name": "topthink/framework",
            "version": "v5.1.29",
            "source": {
                "type": "git",
                "url": "https://github.com/top-think/framework.git",
                "reference": "f1d8ee3a91e8f504507edb5dcc49c50c47b4500f"
            },
            "dist": {
                "type": "zip",
                "url": "https://api.github.com/repos/top-think/framework/zipball/f1d8ee3a91e8f504507edb5dcc49c50c47b4500f",
                "reference": "f1d8ee3a91e8f504507edb5dcc49c50c47b4500f",
                "shasum": ""
            },
            "require": {
                "php": ">=5.6.0",
                "topthink/think-installer": "2.*"
            },
            "require-dev": {
                "johnkary/phpunit-speedtrap": "^1.0",
                "mikey179/vfsstream": "~1.6",
                "phpdocumentor/reflection-docblock": "^2.0",
                "phploc/phploc": "2.*",
                "phpunit/phpunit": "^5.0|^6.0",
                "sebastian/phpcpd": "2.*",
                "squizlabs/php_codesniffer": "2.*"
            },
            "type": "think-framework",
            "notification-url": "https://packagist.org/downloads/",
            "license": [
                "Apache-2.0"
            ],
            "authors": [
                {
                    "name": "liu21st",
                    "email": "liu21st@gmail.com"
                },
                {
                    "name": "yunwuxin",
                    "email": "448901948@qq.com"
                }
            ],
            "description": "the new thinkphp framework",
            "homepage": "http://thinkphp.cn/",
            "keywords": [
                "framework",
                "orm",
                "thinkphp"
            ],
            "time": "2018-11-11T01:17:33+00:00"
        },
        {
            "name": "topthink/think-installer",
            "version": "v2.0.0",
            "source": {
                "type": "git",
                "url": "https://github.com/top-think/think-installer.git",
                "reference": "f5400a12c60e513911aef41fe443fa6920952675"
            },
            "dist": {
                "type": "zip",
                "url": "https://api.github.com/repos/top-think/think-installer/zipball/f5400a12c60e513911aef41fe443fa6920952675",
                "reference": "f5400a12c60e513911aef41fe443fa6920952675",
                "shasum": ""
            },
            "require": {
                "composer-plugin-api": "^1.0"
            },
            "require-dev": {
                "composer/composer": "1.0.*@dev"
            },
            "type": "composer-plugin",
            "extra": {
                "class": "think\\composer\\Plugin"
            },
            "autoload": {
                "psr-4": {
                    "think\\composer\\": "src"
                }
            },
            "notification-url": "https://packagist.org/downloads/",
            "license": [
                "Apache-2.0"
            ],
            "authors": [
                {
                    "name": "yunwuxin",
                    "email": "448901948@qq.com"
                }
            ],
            "time": "2018-05-11T06:45:42+00:00"
        },
        {
            "name": "topthink/think-worker",
            "version": "v2.0.11",
            "source": {
                "type": "git",
                "url": "https://github.com/top-think/think-worker.git",
                "reference": "bee4408caf10a48df6a91e17f5b64f72a25bf1f8"
            },
            "dist": {
                "type": "zip",
                "url": "https://api.github.com/repos/top-think/think-worker/zipball/bee4408caf10a48df6a91e17f5b64f72a25bf1f8",
                "reference": "bee4408caf10a48df6a91e17f5b64f72a25bf1f8",
                "shasum": ""
            },
            "require": {
                "topthink/framework": "^5.1.18",
                "topthink/think-installer": "^2.0",
                "workerman/gateway-worker": "^3.0.0",
                "workerman/workerman": "^3.3.0"
            },
            "type": "think-extend",
            "extra": {
                "think-config": {
                    "worker": "src/config/worker.php",
                    "worker_server": "src/config/server.php",
                    "gateway_worker": "src/config/gateway.php"
                }
            },
            "autoload": {
                "psr-4": {
                    "think\\worker\\": "src"
                },
                "files": [
                    "src/command.php"
                ]
            },
            "notification-url": "https://packagist.org/downloads/",
            "license": [
                "Apache-2.0"
            ],
            "authors": [
                {
                    "name": "liu21st",
                    "email": "liu21st@gmail.com"
                }
            ],
            "description": "workerman extend for thinkphp5.1",
            "time": "2018-09-14T05:56:22+00:00"
        },
        {
            "name": "workerman/gateway-worker",
            "version": "v3.0.12",
            "source": {
                "type": "git",
                "url": "https://github.com/walkor/GatewayWorker.git",
                "reference": "c206ec41e21f092055d1ddd3ee296895fc004cb5"
            },
            "dist": {
                "type": "zip",
                "url": "https://api.github.com/repos/walkor/GatewayWorker/zipball/c206ec41e21f092055d1ddd3ee296895fc004cb5",
                "reference": "c206ec41e21f092055d1ddd3ee296895fc004cb5",
                "shasum": ""
            },
            "require": {
                "workerman/workerman": ">=3.1.8"
            },
            "type": "library",
            "autoload": {
                "psr-4": {
                    "GatewayWorker\\": "./src"
                }
            },
            "notification-url": "https://packagist.org/downloads/",
            "license": [
                "MIT"
            ],
            "homepage": "http://www.workerman.net",
            "keywords": [
                "communication",
                "distributed"
            ],
            "time": "2018-08-21T06:17:30+00:00"
        },
        {
            "name": "workerman/workerman",
            "version": "v3.5.16",
            "source": {
                "type": "git",
                "url": "https://github.com/walkor/Workerman.git",
                "reference": "b374bb86f9dae74bf373e924173a891eb6435c7a"
            },
            "dist": {
                "type": "zip",
                "url": "https://api.github.com/repos/walkor/Workerman/zipball/b374bb86f9dae74bf373e924173a891eb6435c7a",
                "reference": "b374bb86f9dae74bf373e924173a891eb6435c7a",
                "shasum": ""
            },
            "require": {
                "php": ">=5.3"
            },
            "suggest": {
                "ext-event": "For better performance. "
            },
            "type": "library",
            "autoload": {
                "psr-4": {
                    "Workerman\\": "./"
                }
            },
            "notification-url": "https://packagist.org/downloads/",
            "license": [
                "MIT"
            ],
            "authors": [
                {
                    "name": "walkor",
                    "email": "walkor@workerman.net",
                    "homepage": "http://www.workerman.net",
                    "role": "Developer"
                }
            ],
            "description": "An asynchronous event driven PHP framework for easily building fast, scalable network applications.",
            "homepage": "http://www.workerman.net",
            "keywords": [
                "asynchronous",
                "event-loop"
            ],
            "time": "2018-11-18T06:16:58+00:00"
        }
    ],
    "packages-dev": [],
    "aliases": [],
    "minimum-stability": "stable",
    "stability-flags": [],
    "prefer-stable": false,
    "prefer-lowest": false,
    "platform": {
        "php": ">=5.6.0"
    },
    "platform-dev": []
}
